// !$*UTF8*$!
{
	archiveVersion = 1;
	classes = {
	};
	objectVersion = 55;
	objects = {

/* Begin PBXBuildFile section */
		0C2F79EB28858CB100D97093 /* BottomSheetViewController.swift in Sources */ = {isa = PBXBuildFile; fileRef = 0C2F79EA28858CB100D97093 /* BottomSheetViewController.swift */; };
		0C2F79ED2887F53900D97093 /* Protocol.swift in Sources */ = {isa = PBXBuildFile; fileRef = 0C2F79EC2887F53900D97093 /* Protocol.swift */; };
		0C350494288E36D50092A6D6 /* HeartBeatViewController.swift in Sources */ = {isa = PBXBuildFile; fileRef = 0C350493288E36D50092A6D6 /* HeartBeatViewController.swift */; };
		0CC3C4592888319C0020CBBE /* FindTopicViewController.swift in Sources */ = {isa = PBXBuildFile; fileRef = 0CC3C4582888319C0020CBBE /* FindTopicViewController.swift */; };
		0CE1784A28905E4700D63B2D /* FinalBottomViewController.swift in Sources */ = {isa = PBXBuildFile; fileRef = 0CE1784928905E4700D63B2D /* FinalBottomViewController.swift */; };
		0CE1784C289193C800D63B2D /* CustomAlertViewController.swift in Sources */ = {isa = PBXBuildFile; fileRef = 0CE1784B289193C800D63B2D /* CustomAlertViewController.swift */; };
		36DF531928852ED10099CD64 /* AppDelegate.swift in Sources */ = {isa = PBXBuildFile; fileRef = 36DF531828852ED10099CD64 /* AppDelegate.swift */; };
		36DF531B28852ED10099CD64 /* SceneDelegate.swift in Sources */ = {isa = PBXBuildFile; fileRef = 36DF531A28852ED10099CD64 /* SceneDelegate.swift */; };
		36DF531D28852ED10099CD64 /* ViewController.swift in Sources */ = {isa = PBXBuildFile; fileRef = 36DF531C28852ED10099CD64 /* ViewController.swift */; };
		36DF532028852ED10099CD64 /* Main.storyboard in Resources */ = {isa = PBXBuildFile; fileRef = 36DF531E28852ED10099CD64 /* Main.storyboard */; };
		36DF532228852ED20099CD64 /* Assets.xcassets in Resources */ = {isa = PBXBuildFile; fileRef = 36DF532128852ED20099CD64 /* Assets.xcassets */; };
		36DF532528852ED20099CD64 /* LaunchScreen.storyboard in Resources */ = {isa = PBXBuildFile; fileRef = 36DF532328852ED20099CD64 /* LaunchScreen.storyboard */; };
		CF5F3EAC2887E65D003A35B9 /* MapViewController.swift in Sources */ = {isa = PBXBuildFile; fileRef = CF5F3EAB2887E65D003A35B9 /* MapViewController.swift */; };
		CF9D5CD1288FB19B00A3DA31 /* MapStoryBoard.storyboard in Resources */ = {isa = PBXBuildFile; fileRef = CF9D5CD0288FB19B00A3DA31 /* MapStoryBoard.storyboard */; };
		CFC82CBF2889251C00555C1D /* PaddingLabel.swift in Sources */ = {isa = PBXBuildFile; fileRef = CFC82CBE2889251C00555C1D /* PaddingLabel.swift */; };
		CFC82CC1288989F200555C1D /* MapMarker.swift in Sources */ = {isa = PBXBuildFile; fileRef = CFC82CC0288989F200555C1D /* MapMarker.swift */; };
/* End PBXBuildFile section */

/* Begin PBXFileReference section */
		0C2F79EA28858CB100D97093 /* BottomSheetViewController.swift */ = {isa = PBXFileReference; lastKnownFileType = sourcecode.swift; path = BottomSheetViewController.swift; sourceTree = "<group>"; };
		0C2F79EC2887F53900D97093 /* Protocol.swift */ = {isa = PBXFileReference; lastKnownFileType = sourcecode.swift; path = Protocol.swift; sourceTree = "<group>"; };
		0C350493288E36D50092A6D6 /* HeartBeatViewController.swift */ = {isa = PBXFileReference; lastKnownFileType = sourcecode.swift; path = HeartBeatViewController.swift; sourceTree = "<group>"; };
		0CC3C4582888319C0020CBBE /* FindTopicViewController.swift */ = {isa = PBXFileReference; lastKnownFileType = sourcecode.swift; path = FindTopicViewController.swift; sourceTree = "<group>"; };
		0CE1784928905E4700D63B2D /* FinalBottomViewController.swift */ = {isa = PBXFileReference; lastKnownFileType = sourcecode.swift; path = FinalBottomViewController.swift; sourceTree = "<group>"; };
		0CE1784B289193C800D63B2D /* CustomAlertViewController.swift */ = {isa = PBXFileReference; lastKnownFileType = sourcecode.swift; path = CustomAlertViewController.swift; sourceTree = "<group>"; };
		36DF531528852ED10099CD64 /* TopicRun.app */ = {isa = PBXFileReference; explicitFileType = wrapper.application; includeInIndex = 0; path = TopicRun.app; sourceTree = BUILT_PRODUCTS_DIR; };
		36DF531828852ED10099CD64 /* AppDelegate.swift */ = {isa = PBXFileReference; lastKnownFileType = sourcecode.swift; path = AppDelegate.swift; sourceTree = "<group>"; };
		36DF531A28852ED10099CD64 /* SceneDelegate.swift */ = {isa = PBXFileReference; lastKnownFileType = sourcecode.swift; path = SceneDelegate.swift; sourceTree = "<group>"; };
		36DF531C28852ED10099CD64 /* ViewController.swift */ = {isa = PBXFileReference; lastKnownFileType = sourcecode.swift; path = ViewController.swift; sourceTree = "<group>"; };
		36DF531F28852ED10099CD64 /* Base */ = {isa = PBXFileReference; lastKnownFileType = file.storyboard; name = Base; path = Base.lproj/Main.storyboard; sourceTree = "<group>"; };
		36DF532128852ED20099CD64 /* Assets.xcassets */ = {isa = PBXFileReference; lastKnownFileType = folder.assetcatalog; path = Assets.xcassets; sourceTree = "<group>"; };
		36DF532428852ED20099CD64 /* Base */ = {isa = PBXFileReference; lastKnownFileType = file.storyboard; name = Base; path = Base.lproj/LaunchScreen.storyboard; sourceTree = "<group>"; };
		36DF532628852ED20099CD64 /* Info.plist */ = {isa = PBXFileReference; lastKnownFileType = text.plist.xml; path = Info.plist; sourceTree = "<group>"; };
		CF5F3EAB2887E65D003A35B9 /* MapViewController.swift */ = {isa = PBXFileReference; lastKnownFileType = sourcecode.swift; path = MapViewController.swift; sourceTree = "<group>"; };
		CF9D5CD0288FB19B00A3DA31 /* MapStoryBoard.storyboard */ = {isa = PBXFileReference; lastKnownFileType = file.storyboard; path = MapStoryBoard.storyboard; sourceTree = "<group>"; };
		CFC82CBE2889251C00555C1D /* PaddingLabel.swift */ = {isa = PBXFileReference; lastKnownFileType = sourcecode.swift; path = PaddingLabel.swift; sourceTree = "<group>"; };
		CFC82CC0288989F200555C1D /* MapMarker.swift */ = {isa = PBXFileReference; lastKnownFileType = sourcecode.swift; path = MapMarker.swift; sourceTree = "<group>"; };
/* End PBXFileReference section */

/* Begin PBXFrameworksBuildPhase section */
		36DF531228852ED10099CD64 /* Frameworks */ = {
			isa = PBXFrameworksBuildPhase;
			buildActionMask = 2147483647;
			files = (
			);
			runOnlyForDeploymentPostprocessing = 0;
		};
/* End PBXFrameworksBuildPhase section */

/* Begin PBXGroup section */
		36DF530C28852ED10099CD64 = {
			isa = PBXGroup;
			children = (
				36DF531728852ED10099CD64 /* TopicRun */,
				36DF531628852ED10099CD64 /* Products */,
			);
			sourceTree = "<group>";
		};
		36DF531628852ED10099CD64 /* Products */ = {
			isa = PBXGroup;
			children = (
				36DF531528852ED10099CD64 /* TopicRun.app */,
			);
			name = Products;
			sourceTree = "<group>";
		};
		36DF531728852ED10099CD64 /* TopicRun */ = {
			isa = PBXGroup;
			children = (
				36DF531828852ED10099CD64 /* AppDelegate.swift */,
				36DF531A28852ED10099CD64 /* SceneDelegate.swift */,
				36DF531C28852ED10099CD64 /* ViewController.swift */,
				0C2F79EA28858CB100D97093 /* BottomSheetViewController.swift */,
				0CC3C4582888319C0020CBBE /* FindTopicViewController.swift */,
				0C350493288E36D50092A6D6 /* HeartBeatViewController.swift */,
				0CE1784B289193C800D63B2D /* CustomAlertViewController.swift */,
				0CE1784928905E4700D63B2D /* FinalBottomViewController.swift */,
				0C2F79EC2887F53900D97093 /* Protocol.swift */,
				36DF531E28852ED10099CD64 /* Main.storyboard */,
				CF9D5CD0288FB19B00A3DA31 /* MapStoryBoard.storyboard */,
				36DF532128852ED20099CD64 /* Assets.xcassets */,
				36DF532328852ED20099CD64 /* LaunchScreen.storyboard */,
				36DF532628852ED20099CD64 /* Info.plist */,
				CF5F3EAB2887E65D003A35B9 /* MapViewController.swift */,
				CFC82CC0288989F200555C1D /* MapMarker.swift */,
				CFC82CBE2889251C00555C1D /* PaddingLabel.swift */,
			);
			path = TopicRun;
			sourceTree = "<group>";
		};
/* End PBXGroup section */

/* Begin PBXNativeTarget section */
		36DF531428852ED10099CD64 /* TopicRun */ = {
			isa = PBXNativeTarget;
			buildConfigurationList = 36DF532928852ED20099CD64 /* Build configuration list for PBXNativeTarget "TopicRun" */;
			buildPhases = (
				36DF531128852ED10099CD64 /* Sources */,
				36DF531228852ED10099CD64 /* Frameworks */,
				36DF531328852ED10099CD64 /* Resources */,
			);
			buildRules = (
			);
			dependencies = (
			);
			name = TopicRun;
			productName = TopicRun;
			productReference = 36DF531528852ED10099CD64 /* TopicRun.app */;
			productType = "com.apple.product-type.application";
		};
/* End PBXNativeTarget section */

/* Begin PBXProject section */
		36DF530D28852ED10099CD64 /* Project object */ = {
			isa = PBXProject;
			attributes = {
				BuildIndependentTargetsInParallel = 1;
				LastSwiftUpdateCheck = 1340;
				LastUpgradeCheck = 1340;
				TargetAttributes = {
					36DF531428852ED10099CD64 = {
						CreatedOnToolsVersion = 13.4;
					};
				};
			};
			buildConfigurationList = 36DF531028852ED10099CD64 /* Build configuration list for PBXProject "TopicRun" */;
			compatibilityVersion = "Xcode 13.0";
			developmentRegion = en;
			hasScannedForEncodings = 0;
			knownRegions = (
				en,
				Base,
			);
			mainGroup = 36DF530C28852ED10099CD64;
			productRefGroup = 36DF531628852ED10099CD64 /* Products */;
			projectDirPath = "";
			projectRoot = "";
			targets = (
				36DF531428852ED10099CD64 /* TopicRun */,
			);
		};
/* End PBXProject section */

/* Begin PBXResourcesBuildPhase section */
		36DF531328852ED10099CD64 /* Resources */ = {
			isa = PBXResourcesBuildPhase;
			buildActionMask = 2147483647;
			files = (
				36DF532528852ED20099CD64 /* LaunchScreen.storyboard in Resources */,
				36DF532228852ED20099CD64 /* Assets.xcassets in Resources */,
				CF9D5CD1288FB19B00A3DA31 /* MapStoryBoard.storyboard in Resources */,
				36DF532028852ED10099CD64 /* Main.storyboard in Resources */,
			);
			runOnlyForDeploymentPostprocessing = 0;
		};
/* End PBXResourcesBuildPhase section */

/* Begin PBXSourcesBuildPhase section */
		36DF531128852ED10099CD64 /* Sources */ = {
			isa = PBXSourcesBuildPhase;
			buildActionMask = 2147483647;
			files = (
				0C2F79EB28858CB100D97093 /* BottomSheetViewController.swift in Sources */,
				0C350494288E36D50092A6D6 /* HeartBeatViewController.swift in Sources */,
				0CC3C4592888319C0020CBBE /* FindTopicViewController.swift in Sources */,
				CFC82CBF2889251C00555C1D /* PaddingLabel.swift in Sources */,
				36DF531D28852ED10099CD64 /* ViewController.swift in Sources */,
				CFC82CC1288989F200555C1D /* MapMarker.swift in Sources */,
				36DF531928852ED10099CD64 /* AppDelegate.swift in Sources */,
				36DF531B28852ED10099CD64 /* SceneDelegate.swift in Sources */,
				0CE1784C289193C800D63B2D /* CustomAlertViewController.swift in Sources */,
				0C2F79ED2887F53900D97093 /* Protocol.swift in Sources */,
				0CE1784A28905E4700D63B2D /* FinalBottomViewController.swift in Sources */,
				CF5F3EAC2887E65D003A35B9 /* MapViewController.swift in Sources */,
			);
			runOnlyForDeploymentPostprocessing = 0;
		};
/* End PBXSourcesBuildPhase section */

/* Begin PBXVariantGroup section */
		36DF531E28852ED10099CD64 /* Main.storyboard */ = {
			isa = PBXVariantGroup;
			children = (
				36DF531F28852ED10099CD64 /* Base */,
			);
			name = Main.storyboard;
			sourceTree = "<group>";
		};
		36DF532328852ED20099CD64 /* LaunchScreen.storyboard */ = {
			isa = PBXVariantGroup;
			children = (
				36DF532428852ED20099CD64 /* Base */,
			);
			name = LaunchScreen.storyboard;
			sourceTree = "<group>";
		};
/* End PBXVariantGroup section */

/* Begin XCBuildConfiguration section */
		36DF532728852ED20099CD64 /* Debug */ = {
			isa = XCBuildConfiguration;
			buildSettings = {
				ALWAYS_SEARCH_USER_PATHS = NO;
				CLANG_ANALYZER_NONNULL = YES;
				CLANG_ANALYZER_NUMBER_OBJECT_CONVERSION = YES_AGGRESSIVE;
				CLANG_CXX_LANGUAGE_STANDARD = "gnu++17";
				CLANG_ENABLE_MODULES = YES;
				CLANG_ENABLE_OBJC_ARC = YES;
				CLANG_ENABLE_OBJC_WEAK = YES;
				CLANG_WARN_BLOCK_CAPTURE_AUTORELEASING = YES;
				CLANG_WARN_BOOL_CONVERSION = YES;
				CLANG_WARN_COMMA = YES;
				CLANG_WARN_CONSTANT_CONVERSION = YES;
				CLANG_WARN_DEPRECATED_OBJC_IMPLEMENTATIONS = YES;
				CLANG_WARN_DIRECT_OBJC_ISA_USAGE = YES_ERROR;
				CLANG_WARN_DOCUMENTATION_COMMENTS = YES;
				CLANG_WARN_EMPTY_BODY = YES;
				CLANG_WARN_ENUM_CONVERSION = YES;
				CLANG_WARN_INFINITE_RECURSION = YES;
				CLANG_WARN_INT_CONVERSION = YES;
				CLANG_WARN_NON_LITERAL_NULL_CONVERSION = YES;
				CLANG_WARN_OBJC_IMPLICIT_RETAIN_SELF = YES;
				CLANG_WARN_OBJC_LITERAL_CONVERSION = YES;
				CLANG_WARN_OBJC_ROOT_CLASS = YES_ERROR;
				CLANG_WARN_QUOTED_INCLUDE_IN_FRAMEWORK_HEADER = YES;
				CLANG_WARN_RANGE_LOOP_ANALYSIS = YES;
				CLANG_WARN_STRICT_PROTOTYPES = YES;
				CLANG_WARN_SUSPICIOUS_MOVE = YES;
				CLANG_WARN_UNGUARDED_AVAILABILITY = YES_AGGRESSIVE;
				CLANG_WARN_UNREACHABLE_CODE = YES;
				CLANG_WARN__DUPLICATE_METHOD_MATCH = YES;
				COPY_PHASE_STRIP = NO;
				DEBUG_INFORMATION_FORMAT = dwarf;
				ENABLE_STRICT_OBJC_MSGSEND = YES;
				ENABLE_TESTABILITY = YES;
				GCC_C_LANGUAGE_STANDARD = gnu11;
				GCC_DYNAMIC_NO_PIC = NO;
				GCC_NO_COMMON_BLOCKS = YES;
				GCC_OPTIMIZATION_LEVEL = 0;
				GCC_PREPROCESSOR_DEFINITIONS = (
					"DEBUG=1",
					"$(inherited)",
				);
				GCC_WARN_64_TO_32_BIT_CONVERSION = YES;
				GCC_WARN_ABOUT_RETURN_TYPE = YES_ERROR;
				GCC_WARN_UNDECLARED_SELECTOR = YES;
				GCC_WARN_UNINITIALIZED_AUTOS = YES_AGGRESSIVE;
				GCC_WARN_UNUSED_FUNCTION = YES;
				GCC_WARN_UNUSED_VARIABLE = YES;
				IPHONEOS_DEPLOYMENT_TARGET = 15.5;
				MTL_ENABLE_DEBUG_INFO = INCLUDE_SOURCE;
				MTL_FAST_MATH = YES;
				ONLY_ACTIVE_ARCH = YES;
				SDKROOT = iphoneos;
				SWIFT_ACTIVE_COMPILATION_CONDITIONS = DEBUG;
				SWIFT_OPTIMIZATION_LEVEL = "-Onone";
			};
			name = Debug;
		};
		36DF532828852ED20099CD64 /* Release */ = {
			isa = XCBuildConfiguration;
			buildSettings = {
				ALWAYS_SEARCH_USER_PATHS = NO;
				CLANG_ANALYZER_NONNULL = YES;
				CLANG_ANALYZER_NUMBER_OBJECT_CONVERSION = YES_AGGRESSIVE;
				CLANG_CXX_LANGUAGE_STANDARD = "gnu++17";
				CLANG_ENABLE_MODULES = YES;
				CLANG_ENABLE_OBJC_ARC = YES;
				CLANG_ENABLE_OBJC_WEAK = YES;
				CLANG_WARN_BLOCK_CAPTURE_AUTORELEASING = YES;
				CLANG_WARN_BOOL_CONVERSION = YES;
				CLANG_WARN_COMMA = YES;
				CLANG_WARN_CONSTANT_CONVERSION = YES;
				CLANG_WARN_DEPRECATED_OBJC_IMPLEMENTATIONS = YES;
				CLANG_WARN_DIRECT_OBJC_ISA_USAGE = YES_ERROR;
				CLANG_WARN_DOCUMENTATION_COMMENTS = YES;
				CLANG_WARN_EMPTY_BODY = YES;
				CLANG_WARN_ENUM_CONVERSION = YES;
				CLANG_WARN_INFINITE_RECURSION = YES;
				CLANG_WARN_INT_CONVERSION = YES;
				CLANG_WARN_NON_LITERAL_NULL_CONVERSION = YES;
				CLANG_WARN_OBJC_IMPLICIT_RETAIN_SELF = YES;
				CLANG_WARN_OBJC_LITERAL_CONVERSION = YES;
				CLANG_WARN_OBJC_ROOT_CLASS = YES_ERROR;
				CLANG_WARN_QUOTED_INCLUDE_IN_FRAMEWORK_HEADER = YES;
				CLANG_WARN_RANGE_LOOP_ANALYSIS = YES;
				CLANG_WARN_STRICT_PROTOTYPES = YES;
				CLANG_WARN_SUSPICIOUS_MOVE = YES;
				CLANG_WARN_UNGUARDED_AVAILABILITY = YES_AGGRESSIVE;
				CLANG_WARN_UNREACHABLE_CODE = YES;
				CLANG_WARN__DUPLICATE_METHOD_MATCH = YES;
				COPY_PHASE_STRIP = NO;
				DEBUG_INFORMATION_FORMAT = "dwarf-with-dsym";
				ENABLE_NS_ASSERTIONS = NO;
				ENABLE_STRICT_OBJC_MSGSEND = YES;
				GCC_C_LANGUAGE_STANDARD = gnu11;
				GCC_NO_COMMON_BLOCKS = YES;
				GCC_WARN_64_TO_32_BIT_CONVERSION = YES;
				GCC_WARN_ABOUT_RETURN_TYPE = YES_ERROR;
				GCC_WARN_UNDECLARED_SELECTOR = YES;
				GCC_WARN_UNINITIALIZED_AUTOS = YES_AGGRESSIVE;
				GCC_WARN_UNUSED_FUNCTION = YES;
				GCC_WARN_UNUSED_VARIABLE = YES;
				IPHONEOS_DEPLOYMENT_TARGET = 15.5;
				MTL_ENABLE_DEBUG_INFO = NO;
				MTL_FAST_MATH = YES;
				SDKROOT = iphoneos;
				SWIFT_COMPILATION_MODE = wholemodule;
				SWIFT_OPTIMIZATION_LEVEL = "-O";
				VALIDATE_PRODUCT = YES;
			};
			name = Release;
		};
		36DF532A28852ED20099CD64 /* Debug */ = {
			isa = XCBuildConfiguration;
			buildSettings = {
				ASSETCATALOG_COMPILER_APPICON_NAME = AppIcon;
				ASSETCATALOG_COMPILER_GLOBAL_ACCENT_COLOR_NAME = AccentColor;
				CODE_SIGN_STYLE = Automatic;
				CURRENT_PROJECT_VERSION = 1;
				DEVELOPMENT_TEAM = "";
				GENERATE_INFOPLIST_FILE = YES;
				INFOPLIST_FILE = TopicRun/Info.plist;
				INFOPLIST_KEY_NSLocationAlwaysAndWhenInUseUsageDescription = "\"하세요.\"";
				INFOPLIST_KEY_NSLocationWhenInUseUsageDescription = "\"안녕\"";
				INFOPLIST_KEY_UIApplicationSupportsIndirectInputEvents = YES;
				INFOPLIST_KEY_UILaunchStoryboardName = LaunchScreen;
				INFOPLIST_KEY_UIMainStoryboardFile = Main;
				INFOPLIST_KEY_UISupportedInterfaceOrientations_iPad = "UIInterfaceOrientationPortrait UIInterfaceOrientationPortraitUpsideDown UIInterfaceOrientationLandscapeLeft UIInterfaceOrientationLandscapeRight";
				INFOPLIST_KEY_UISupportedInterfaceOrientations_iPhone = "UIInterfaceOrientationPortrait UIInterfaceOrientationLandscapeLeft UIInterfaceOrientationLandscapeRight";
				LD_RUNPATH_SEARCH_PATHS = (
					"$(inherited)",
					"@executable_path/Frameworks",
				);
				MARKETING_VERSION = 1.0;
				PRODUCT_BUNDLE_IDENTIFIER = developer.San.TopicRun;
				PRODUCT_NAME = "$(TARGET_NAME)";
				SWIFT_EMIT_LOC_STRINGS = YES;
				SWIFT_VERSION = 5.0;
				TARGETED_DEVICE_FAMILY = 1;
			};
			name = Debug;
		};
		36DF532B28852ED20099CD64 /* Release */ = {
			isa = XCBuildConfiguration;
			buildSettings = {
				ASSETCATALOG_COMPILER_APPICON_NAME = AppIcon;
				ASSETCATALOG_COMPILER_GLOBAL_ACCENT_COLOR_NAME = AccentColor;
				CODE_SIGN_STYLE = Automatic;
				CURRENT_PROJECT_VERSION = 1;
				DEVELOPMENT_TEAM = "";
				GENERATE_INFOPLIST_FILE = YES;
				INFOPLIST_FILE = TopicRun/Info.plist;
				INFOPLIST_KEY_NSLocationAlwaysAndWhenInUseUsageDescription = "\"하세요.\"";
				INFOPLIST_KEY_NSLocationWhenInUseUsageDescription = "\"안녕\"";
				INFOPLIST_KEY_UIApplicationSupportsIndirectInputEvents = YES;
				INFOPLIST_KEY_UILaunchStoryboardName = LaunchScreen;
				INFOPLIST_KEY_UIMainStoryboardFile = Main;
				INFOPLIST_KEY_UISupportedInterfaceOrientations_iPad = "UIInterfaceOrientationPortrait UIInterfaceOrientationPortraitUpsideDown UIInterfaceOrientationLandscapeLeft UIInterfaceOrientationLandscapeRight";
				INFOPLIST_KEY_UISupportedInterfaceOrientations_iPhone = "UIInterfaceOrientationPortrait UIInterfaceOrientationLandscapeLeft UIInterfaceOrientationLandscapeRight";
				LD_RUNPATH_SEARCH_PATHS = (
					"$(inherited)",
					"@executable_path/Frameworks",
				);
				MARKETING_VERSION = 1.0;
				PRODUCT_BUNDLE_IDENTIFIER = developer.San.TopicRun;
				PRODUCT_NAME = "$(TARGET_NAME)";
				SWIFT_EMIT_LOC_STRINGS = YES;
				SWIFT_VERSION = 5.0;
				TARGETED_DEVICE_FAMILY = 1;
			};
			name = Release;
		};
/* End XCBuildConfiguration section */

/* Begin XCConfigurationList section */
		36DF531028852ED10099CD64 /* Build configuration list for PBXProject "TopicRun" */ = {
			isa = XCConfigurationList;
			buildConfigurations = (
				36DF532728852ED20099CD64 /* Debug */,
				36DF532828852ED20099CD64 /* Release */,
			);
			defaultConfigurationIsVisible = 0;
			defaultConfigurationName = Release;
		};
		36DF532928852ED20099CD64 /* Build configuration list for PBXNativeTarget "TopicRun" */ = {
			isa = XCConfigurationList;
			buildConfigurations = (
				36DF532A28852ED20099CD64 /* Debug */,
				36DF532B28852ED20099CD64 /* Release */,
			);
			defaultConfigurationIsVisible = 0;
			defaultConfigurationName = Release;
		};
/* End XCConfigurationList section */
	};
	rootObject = 36DF530D28852ED10099CD64 /* Project object */;
}
